// !$*UTF8*$!
{
	archiveVersion = 1;
	classes = {
	};
	objectVersion = 56;
	objects = {

/* Begin PBXBuildFile section */
		5332215929DC0FB100746131 /* Stack.swift in Sources */ = {isa = PBXBuildFile; fileRef = 5332215829DC0FB100746131 /* Stack.swift */; };
		5332215B29DD45CF00746131 /* String+extention.swift in Sources */ = {isa = PBXBuildFile; fileRef = 5332215A29DD45CF00746131 /* String+extention.swift */; };
		53D68E3D29C5D8F90058521B /* CalculatorModel.swift in Sources */ = {isa = PBXBuildFile; fileRef = 53D68E3C29C5D8F90058521B /* CalculatorModel.swift */; };
		53D68E3F29C83BAD0058521B /* Double+extension.swift in Sources */ = {isa = PBXBuildFile; fileRef = 53D68E3E29C83BAD0058521B /* Double+extension.swift */; };
		53D806D529C02CE8002B02A2 /* AppDelegate.swift in Sources */ = {isa = PBXBuildFile; fileRef = 53D806D429C02CE8002B02A2 /* AppDelegate.swift */; };
		53D806D729C02CE8002B02A2 /* SceneDelegate.swift in Sources */ = {isa = PBXBuildFile; fileRef = 53D806D629C02CE8002B02A2 /* SceneDelegate.swift */; };
		53D806D929C02CE8002B02A2 /* ViewController.swift in Sources */ = {isa = PBXBuildFile; fileRef = 53D806D829C02CE8002B02A2 /* ViewController.swift */; };
		53D806DC29C02CE8002B02A2 /* Main.storyboard in Resources */ = {isa = PBXBuildFile; fileRef = 53D806DA29C02CE8002B02A2 /* Main.storyboard */; };
		53D806DE29C02CE9002B02A2 /* Assets.xcassets in Resources */ = {isa = PBXBuildFile; fileRef = 53D806DD29C02CE9002B02A2 /* Assets.xcassets */; };
		53D806E129C02CE9002B02A2 /* LaunchScreen.storyboard in Resources */ = {isa = PBXBuildFile; fileRef = 53D806DF29C02CE9002B02A2 /* LaunchScreen.storyboard */; };
		53D806EB29C0326B002B02A2 /* NumberButton.swift in Sources */ = {isa = PBXBuildFile; fileRef = 53D806EA29C0326B002B02A2 /* NumberButton.swift */; };
		53D806ED29C05540002B02A2 /* OperatorButton.swift in Sources */ = {isa = PBXBuildFile; fileRef = 53D806EC29C05540002B02A2 /* OperatorButton.swift */; };
		53D806EF29C05A2E002B02A2 /* UtilityButton.swift in Sources */ = {isa = PBXBuildFile; fileRef = 53D806EE29C05A2E002B02A2 /* UtilityButton.swift */; };
/* End PBXBuildFile section */

/* Begin PBXFileReference section */
		5332215829DC0FB100746131 /* Stack.swift */ = {isa = PBXFileReference; lastKnownFileType = sourcecode.swift; path = Stack.swift; sourceTree = "<group>"; };
		5332215A29DD45CF00746131 /* String+extention.swift */ = {isa = PBXFileReference; lastKnownFileType = sourcecode.swift; path = "String+extention.swift"; sourceTree = "<group>"; };
		53D68E3C29C5D8F90058521B /* CalculatorModel.swift */ = {isa = PBXFileReference; lastKnownFileType = sourcecode.swift; path = CalculatorModel.swift; sourceTree = "<group>"; };
		53D68E3E29C83BAD0058521B /* Double+extension.swift */ = {isa = PBXFileReference; lastKnownFileType = sourcecode.swift; path = "Double+extension.swift"; sourceTree = "<group>"; };
		53D806D129C02CE8002B02A2 /* calculator.app */ = {isa = PBXFileReference; explicitFileType = wrapper.application; includeInIndex = 0; path = calculator.app; sourceTree = BUILT_PRODUCTS_DIR; };
		53D806D429C02CE8002B02A2 /* AppDelegate.swift */ = {isa = PBXFileReference; lastKnownFileType = sourcecode.swift; path = AppDelegate.swift; sourceTree = "<group>"; };
		53D806D629C02CE8002B02A2 /* SceneDelegate.swift */ = {isa = PBXFileReference; lastKnownFileType = sourcecode.swift; path = SceneDelegate.swift; sourceTree = "<group>"; };
		53D806D829C02CE8002B02A2 /* ViewController.swift */ = {isa = PBXFileReference; lastKnownFileType = sourcecode.swift; path = ViewController.swift; sourceTree = "<group>"; };
		53D806DB29C02CE8002B02A2 /* Base */ = {isa = PBXFileReference; lastKnownFileType = file.storyboard; name = Base; path = Base.lproj/Main.storyboard; sourceTree = "<group>"; };
		53D806DD29C02CE9002B02A2 /* Assets.xcassets */ = {isa = PBXFileReference; lastKnownFileType = folder.assetcatalog; path = Assets.xcassets; sourceTree = "<group>"; };
		53D806E029C02CE9002B02A2 /* Base */ = {isa = PBXFileReference; lastKnownFileType = file.storyboard; name = Base; path = Base.lproj/LaunchScreen.storyboard; sourceTree = "<group>"; };
		53D806E229C02CE9002B02A2 /* Info.plist */ = {isa = PBXFileReference; lastKnownFileType = text.plist.xml; path = Info.plist; sourceTree = "<group>"; };
		53D806EA29C0326B002B02A2 /* NumberButton.swift */ = {isa = PBXFileReference; lastKnownFileType = sourcecode.swift; path = NumberButton.swift; sourceTree = "<group>"; };
		53D806EC29C05540002B02A2 /* OperatorButton.swift */ = {isa = PBXFileReference; lastKnownFileType = sourcecode.swift; path = OperatorButton.swift; sourceTree = "<group>"; };
		53D806EE29C05A2E002B02A2 /* UtilityButton.swift */ = {isa = PBXFileReference; lastKnownFileType = sourcecode.swift; path = UtilityButton.swift; sourceTree = "<group>"; };
/* End PBXFileReference section */

/* Begin PBXFrameworksBuildPhase section */
		53D806CE29C02CE8002B02A2 /* Frameworks */ = {
			isa = PBXFrameworksBuildPhase;
			buildActionMask = 2147483647;
			files = (
			);
			runOnlyForDeploymentPostprocessing = 0;
		};
/* End PBXFrameworksBuildPhase section */

/* Begin PBXGroup section */
		53D806C829C02CE8002B02A2 = {
			isa = PBXGroup;
			children = (
				53D806D329C02CE8002B02A2 /* calculator */,
				53D806D229C02CE8002B02A2 /* Products */,
			);
			sourceTree = "<group>";
		};
		53D806D229C02CE8002B02A2 /* Products */ = {
			isa = PBXGroup;
			children = (
				53D806D129C02CE8002B02A2 /* calculator.app */,
			);
			name = Products;
			sourceTree = "<group>";
		};
		53D806D329C02CE8002B02A2 /* calculator */ = {
			isa = PBXGroup;
			children = (
				53D806D429C02CE8002B02A2 /* AppDelegate.swift */,
				53D806D629C02CE8002B02A2 /* SceneDelegate.swift */,
				53D806D829C02CE8002B02A2 /* ViewController.swift */,
				53D68E3E29C83BAD0058521B /* Double+extension.swift */,
				5332215A29DD45CF00746131 /* String+extention.swift */,
				53D68E3C29C5D8F90058521B /* CalculatorModel.swift */,
				53D806EA29C0326B002B02A2 /* NumberButton.swift */,
				53D806EC29C05540002B02A2 /* OperatorButton.swift */,
				53D806EE29C05A2E002B02A2 /* UtilityButton.swift */,
				5332215829DC0FB100746131 /* Stack.swift */,
				53D806DA29C02CE8002B02A2 /* Main.storyboard */,
				53D806DD29C02CE9002B02A2 /* Assets.xcassets */,
				53D806DF29C02CE9002B02A2 /* LaunchScreen.storyboard */,
				53D806E229C02CE9002B02A2 /* Info.plist */,
			);
			path = calculator;
			sourceTree = "<group>";
		};
/* End PBXGroup section */

/* Begin PBXNativeTarget section */
		53D806D029C02CE8002B02A2 /* calculator */ = {
			isa = PBXNativeTarget;
			buildConfigurationList = 53D806E529C02CE9002B02A2 /* Build configuration list for PBXNativeTarget "calculator" */;
			buildPhases = (
				53D806CD29C02CE8002B02A2 /* Sources */,
				53D806CE29C02CE8002B02A2 /* Frameworks */,
				53D806CF29C02CE8002B02A2 /* Resources */,
			);
			buildRules = (
			);
			dependencies = (
			);
			name = calculator;
			productName = calculator;
			productReference = 53D806D129C02CE8002B02A2 /* calculator.app */;
			productType = "com.apple.product-type.application";
		};
/* End PBXNativeTarget section */

/* Begin PBXProject section */
		53D806C929C02CE8002B02A2 /* Project object */ = {
			isa = PBXProject;
			attributes = {
				BuildIndependentTargetsInParallel = 1;
				LastSwiftUpdateCheck = 1420;
				LastUpgradeCheck = 1420;
				TargetAttributes = {
					53D806D029C02CE8002B02A2 = {
						CreatedOnToolsVersion = 14.2;
					};
				};
			};
			buildConfigurationList = 53D806CC29C02CE8002B02A2 /* Build configuration list for PBXProject "calculator" */;
			compatibilityVersion = "Xcode 14.0";
			developmentRegion = en;
			hasScannedForEncodings = 0;
			knownRegions = (
				en,
				Base,
			);
			mainGroup = 53D806C829C02CE8002B02A2;
			productRefGroup = 53D806D229C02CE8002B02A2 /* Products */;
			projectDirPath = "";
			projectRoot = "";
			targets = (
				53D806D029C02CE8002B02A2 /* calculator */,
			);
		};
/* End PBXProject section */

/* Begin PBXResourcesBuildPhase section */
		53D806CF29C02CE8002B02A2 /* Resources */ = {
			isa = PBXResourcesBuildPhase;
			buildActionMask = 2147483647;
			files = (
				53D806E129C02CE9002B02A2 /* LaunchScreen.storyboard in Resources */,
				53D806DE29C02CE9002B02A2 /* Assets.xcassets in Resources */,
				53D806DC29C02CE8002B02A2 /* Main.storyboard in Resources */,
			);
			runOnlyForDeploymentPostprocessing = 0;
		};
/* End PBXResourcesBuildPhase section */

/* Begin PBXSourcesBuildPhase section */
		53D806CD29C02CE8002B02A2 /* Sources */ = {
			isa = PBXSourcesBuildPhase;
			buildActionMask = 2147483647;
			files = (
				53D806EF29C05A2E002B02A2 /* UtilityButton.swift in Sources */,
				53D806ED29C05540002B02A2 /* OperatorButton.swift in Sources */,
				53D806D929C02CE8002B02A2 /* ViewController.swift in Sources */,
				53D806D529C02CE8002B02A2 /* AppDelegate.swift in Sources */,
				53D68E3F29C83BAD0058521B /* Double+extension.swift in Sources */,
				5332215B29DD45CF00746131 /* String+extention.swift in Sources */,
				5332215929DC0FB100746131 /* Stack.swift in Sources */,
				53D806EB29C0326B002B02A2 /* NumberButton.swift in Sources */,
				53D806D729C02CE8002B02A2 /* SceneDelegate.swift in Sources */,
				53D68E3D29C5D8F90058521B /* CalculatorModel.swift in Sources */,
			);
			runOnlyForDeploymentPostprocessing = 0;
		};
/* End PBXSourcesBuildPhase section */

/* Begin PBXVariantGroup section */
		53D806DA29C02CE8002B02A2 /* Main.storyboard */ = {
			isa = PBXVariantGroup;
			children = (
				53D806DB29C02CE8002B02A2 /* Base */,
			);
			name = Main.storyboard;
			sourceTree = "<group>";
		};
		53D806DF29C02CE9002B02A2 /* LaunchScreen.storyboard */ = {
			isa = PBXVariantGroup;
			children = (
				53D806E029C02CE9002B02A2 /* Base */,
			);
			name = LaunchScreen.storyboard;
			sourceTree = "<group>";
		};
/* End PBXVariantGroup section */

/* Begin XCBuildConfiguration section */
		53D806E329C02CE9002B02A2 /* Debug */ = {
			isa = XCBuildConfiguration;
			buildSettings = {
				ALWAYS_SEARCH_USER_PATHS = NO;
				CLANG_ANALYZER_NONNULL = YES;
				CLANG_ANALYZER_NUMBER_OBJECT_CONVERSION = YES_AGGRESSIVE;
				CLANG_CXX_LANGUAGE_STANDARD = "gnu++20";
				CLANG_ENABLE_MODULES = YES;
				CLANG_ENABLE_OBJC_ARC = YES;
				CLANG_ENABLE_OBJC_WEAK = YES;
				CLANG_WARN_BLOCK_CAPTURE_AUTORELEASING = YES;
				CLANG_WARN_BOOL_CONVERSION = YES;
				CLANG_WARN_COMMA = YES;
				CLANG_WARN_CONSTANT_CONVERSION = YES;
				CLANG_WARN_DEPRECATED_OBJC_IMPLEMENTATIONS = YES;
				CLANG_WARN_DIRECT_OBJC_ISA_USAGE = YES_ERROR;
				CLANG_WARN_DOCUMENTATION_COMMENTS = YES;
				CLANG_WARN_EMPTY_BODY = YES;
				CLANG_WARN_ENUM_CONVERSION = YES;
				CLANG_WARN_INFINITE_RECURSION = YES;
				CLANG_WARN_INT_CONVERSION = YES;
				CLANG_WARN_NON_LITERAL_NULL_CONVERSION = YES;
				CLANG_WARN_OBJC_IMPLICIT_RETAIN_SELF = YES;
				CLANG_WARN_OBJC_LITERAL_CONVERSION = YES;
				CLANG_WARN_OBJC_ROOT_CLASS = YES_ERROR;
				CLANG_WARN_QUOTED_INCLUDE_IN_FRAMEWORK_HEADER = YES;
				CLANG_WARN_RANGE_LOOP_ANALYSIS = YES;
				CLANG_WARN_STRICT_PROTOTYPES = YES;
				CLANG_WARN_SUSPICIOUS_MOVE = YES;
				CLANG_WARN_UNGUARDED_AVAILABILITY = YES_AGGRESSIVE;
				CLANG_WARN_UNREACHABLE_CODE = YES;
				CLANG_WARN__DUPLICATE_METHOD_MATCH = YES;
				COPY_PHASE_STRIP = NO;
				DEBUG_INFORMATION_FORMAT = dwarf;
				ENABLE_STRICT_OBJC_MSGSEND = YES;
				ENABLE_TESTABILITY = YES;
				GCC_C_LANGUAGE_STANDARD = gnu11;
				GCC_DYNAMIC_NO_PIC = NO;
				GCC_NO_COMMON_BLOCKS = YES;
				GCC_OPTIMIZATION_LEVEL = 0;
				GCC_PREPROCESSOR_DEFINITIONS = (
					"DEBUG=1",
					"$(inherited)",
				);
				GCC_WARN_64_TO_32_BIT_CONVERSION = YES;
				GCC_WARN_ABOUT_RETURN_TYPE = YES_ERROR;
				GCC_WARN_UNDECLARED_SELECTOR = YES;
				GCC_WARN_UNINITIALIZED_AUTOS = YES_AGGRESSIVE;
				GCC_WARN_UNUSED_FUNCTION = YES;
				GCC_WARN_UNUSED_VARIABLE = YES;
				IPHONEOS_DEPLOYMENT_TARGET = 16.2;
				MTL_ENABLE_DEBUG_INFO = INCLUDE_SOURCE;
				MTL_FAST_MATH = YES;
				ONLY_ACTIVE_ARCH = YES;
				SDKROOT = iphoneos;
				SWIFT_ACTIVE_COMPILATION_CONDITIONS = DEBUG;
				SWIFT_OPTIMIZATION_LEVEL = "-Onone";
			};
			name = Debug;
		};
		53D806E429C02CE9002B02A2 /* Release */ = {
			isa = XCBuildConfiguration;
			buildSettings = {
				ALWAYS_SEARCH_USER_PATHS = NO;
				CLANG_ANALYZER_NONNULL = YES;
				CLANG_ANALYZER_NUMBER_OBJECT_CONVERSION = YES_AGGRESSIVE;
				CLANG_CXX_LANGUAGE_STANDARD = "gnu++20";
				CLANG_ENABLE_MODULES = YES;
				CLANG_ENABLE_OBJC_ARC = YES;
				CLANG_ENABLE_OBJC_WEAK = YES;
				CLANG_WARN_BLOCK_CAPTURE_AUTORELEASING = YES;
				CLANG_WARN_BOOL_CONVERSION = YES;
				CLANG_WARN_COMMA = YES;
				CLANG_WARN_CONSTANT_CONVERSION = YES;
				CLANG_WARN_DEPRECATED_OBJC_IMPLEMENTATIONS = YES;
				CLANG_WARN_DIRECT_OBJC_ISA_USAGE = YES_ERROR;
				CLANG_WARN_DOCUMENTATION_COMMENTS = YES;
				CLANG_WARN_EMPTY_BODY = YES;
				CLANG_WARN_ENUM_CONVERSION = YES;
				CLANG_WARN_INFINITE_RECURSION = YES;
				CLANG_WARN_INT_CONVERSION = YES;
				CLANG_WARN_NON_LITERAL_NULL_CONVERSION = YES;
				CLANG_WARN_OBJC_IMPLICIT_RETAIN_SELF = YES;
				CLANG_WARN_OBJC_LITERAL_CONVERSION = YES;
				CLANG_WARN_OBJC_ROOT_CLASS = YES_ERROR;
				CLANG_WARN_QUOTED_INCLUDE_IN_FRAMEWORK_HEADER = YES;
				CLANG_WARN_RANGE_LOOP_ANALYSIS = YES;
				CLANG_WARN_STRICT_PROTOTYPES = YES;
				CLANG_WARN_SUSPICIOUS_MOVE = YES;
				CLANG_WARN_UNGUARDED_AVAILABILITY = YES_AGGRESSIVE;
				CLANG_WARN_UNREACHABLE_CODE = YES;
				CLANG_WARN__DUPLICATE_METHOD_MATCH = YES;
				COPY_PHASE_STRIP = NO;
				DEBUG_INFORMATION_FORMAT = "dwarf-with-dsym";
				ENABLE_NS_ASSERTIONS = NO;
				ENABLE_STRICT_OBJC_MSGSEND = YES;
				GCC_C_LANGUAGE_STANDARD = gnu11;
				GCC_NO_COMMON_BLOCKS = YES;
				GCC_WARN_64_TO_32_BIT_CONVERSION = YES;
				GCC_WARN_ABOUT_RETURN_TYPE = YES_ERROR;
				GCC_WARN_UNDECLARED_SELECTOR = YES;
				GCC_WARN_UNINITIALIZED_AUTOS = YES_AGGRESSIVE;
				GCC_WARN_UNUSED_FUNCTION = YES;
				GCC_WARN_UNUSED_VARIABLE = YES;
				IPHONEOS_DEPLOYMENT_TARGET = 16.2;
				MTL_ENABLE_DEBUG_INFO = NO;
				MTL_FAST_MATH = YES;
				SDKROOT = iphoneos;
				SWIFT_COMPILATION_MODE = wholemodule;
				SWIFT_OPTIMIZATION_LEVEL = "-O";
				VALIDATE_PRODUCT = YES;
			};
			name = Release;
		};
		53D806E629C02CE9002B02A2 /* Debug */ = {
			isa = XCBuildConfiguration;
			buildSettings = {
				ASSETCATALOG_COMPILER_APPICON_NAME = AppIcon;
				ASSETCATALOG_COMPILER_GLOBAL_ACCENT_COLOR_NAME = AccentColor;
				CODE_SIGN_STYLE = Automatic;
				CURRENT_PROJECT_VERSION = 1;
				DEVELOPMENT_TEAM = KLYH4UN5ZC;
				GENERATE_INFOPLIST_FILE = YES;
				INFOPLIST_FILE = calculator/Info.plist;
				INFOPLIST_KEY_UIApplicationSupportsIndirectInputEvents = YES;
				INFOPLIST_KEY_UILaunchStoryboardName = LaunchScreen;
				INFOPLIST_KEY_UIMainStoryboardFile = Main;
				INFOPLIST_KEY_UISupportedInterfaceOrientations_iPad = "UIInterfaceOrientationPortrait UIInterfaceOrientationPortraitUpsideDown UIInterfaceOrientationLandscapeLeft UIInterfaceOrientationLandscapeRight";
				INFOPLIST_KEY_UISupportedInterfaceOrientations_iPhone = "UIInterfaceOrientationPortrait UIInterfaceOrientationLandscapeLeft UIInterfaceOrientationLandscapeRight";
				LD_RUNPATH_SEARCH_PATHS = (
					"$(inherited)",
					"@executable_path/Frameworks",
				);
				MARKETING_VERSION = 1.0;
				PRODUCT_BUNDLE_IDENTIFIER = example.calculator;
				PRODUCT_NAME = "$(TARGET_NAME)";
				SWIFT_EMIT_LOC_STRINGS = YES;
				SWIFT_VERSION = 5.0;
				TARGETED_DEVICE_FAMILY = "1,2";
			};
			name = Debug;
		};
		53D806E729C02CE9002B02A2 /* Release */ = {
			isa = XCBuildConfiguration;
			buildSettings = {
				ASSETCATALOG_COMPILER_APPICON_NAME = AppIcon;
				ASSETCATALOG_COMPILER_GLOBAL_ACCENT_COLOR_NAME = AccentColor;
				CODE_SIGN_STYLE = Automatic;
				CURRENT_PROJECT_VERSION = 1;
				DEVELOPMENT_TEAM = KLYH4UN5ZC;
				GENERATE_INFOPLIST_FILE = YES;
				INFOPLIST_FILE = calculator/Info.plist;
				INFOPLIST_KEY_UIApplicationSupportsIndirectInputEvents = YES;
				INFOPLIST_KEY_UILaunchStoryboardName = LaunchScreen;
				INFOPLIST_KEY_UIMainStoryboardFile = Main;
				INFOPLIST_KEY_UISupportedInterfaceOrientations_iPad = "UIInterfaceOrientationPortrait UIInterfaceOrientationPortraitUpsideDown UIInterfaceOrientationLandscapeLeft UIInterfaceOrientationLandscapeRight";
				INFOPLIST_KEY_UISupportedInterfaceOrientations_iPhone = "UIInterfaceOrientationPortrait UIInterfaceOrientationLandscapeLeft UIInterfaceOrientationLandscapeRight";
				LD_RUNPATH_SEARCH_PATHS = (
					"$(inherited)",
					"@executable_path/Frameworks",
				);
				MARKETING_VERSION = 1.0;
				PRODUCT_BUNDLE_IDENTIFIER = example.calculator;
				PRODUCT_NAME = "$(TARGET_NAME)";
				SWIFT_EMIT_LOC_STRINGS = YES;
				SWIFT_VERSION = 5.0;
				TARGETED_DEVICE_FAMILY = "1,2";
			};
			name = Release;
		};
/* End XCBuildConfiguration section */

/* Begin XCConfigurationList section */
		53D806CC29C02CE8002B02A2 /* Build configuration list for PBXProject "calculator" */ = {
			isa = XCConfigurationList;
			buildConfigurations = (
				53D806E329C02CE9002B02A2 /* Debug */,
				53D806E429C02CE9002B02A2 /* Release */,
			);
			defaultConfigurationIsVisible = 0;
			defaultConfigurationName = Release;
		};
		53D806E529C02CE9002B02A2 /* Build configuration list for PBXNativeTarget "calculator" */ = {
			isa = XCConfigurationList;
			buildConfigurations = (
				53D806E629C02CE9002B02A2 /* Debug */,
				53D806E729C02CE9002B02A2 /* Release */,
			);
			defaultConfigurationIsVisible = 0;
			defaultConfigurationName = Release;
		};
/* End XCConfigurationList section */
	};
	rootObject = 53D806C929C02CE8002B02A2 /* Project object */;
}
